# This file was autogenerated by Stack.
# You should not edit this file by hand.
# For more information, please see the documentation at:
#   https://docs.haskellstack.org/en/stable/lock_files

packages:
- completed:
    hackage: hamlet-1.2.0@sha256:1b009261b10b6100ec4cd89fb780f1c4dbed5dc70009247e8f2fbabb5dc7c34c,1573
    pantry-tree:
      size: 152
      sha256: 2cf5d36f72b60261d14c17968cae2eb0658336149777e53cbe43d0eb5d83b48d
  original:
    hackage: hamlet-1.2.0@sha256:1b009261b10b6100ec4cd89fb780f1c4dbed5dc70009247e8f2fbabb5dc7c34c,1573
- completed:
    hackage: optparse-declarative-0.3.0@sha256:12d6a258b528e66fadf9d040447523b2a4ed376bed5e557a94e8148e9fba8c2b,953
    pantry-tree:
      size: 505
      sha256: 5847edd0e48aa725f81928bb59efb9c0c65f598115a302fa57f93c16bf52130b
  original:
    hackage: optparse-declarative-0.3.0@sha256:12d6a258b528e66fadf9d040447523b2a4ed376bed5e557a94e8148e9fba8c2b,953
snapshots:
- completed:
    size: 524804
    url: https://raw.githubusercontent.com/commercialhaskell/stackage-snapshots/master/lts/14/16.yaml
    sha256: 4d1519a4372d051d47a5eae2241cf3fb54e113d7475f89707ddb6ec06add2888
  original: lts-14.16
